
Microsoft Visual Studio Solution File, Format Version 12.00
# Visual Studio Version 16
VisualStudioVersion = 16.0.32428.217
MinimumVisualStudioVersion = 10.0.40219.1
Project("{8BC9CEB8-8B4A-11D0-8D11-00A0C91BC942}") = "hashmap", "..\hashmap\hashmap.vcxproj", "{47B82C0C-5783-4B4C-8D67-585B96123755}"
EndProject
Global
	GlobalSection(SolutionConfigurationPlatforms) = preSolution
		Debug|x64 = Debug|x64
		Release|x64 = Release|x64
	EndGlobalSection
	GlobalSection(ProjectConfigurationPlatforms) = postSolution
		{47B82C0C-5783-4B4C-8D67-585B96123755}.Debug|x64.ActiveCfg = Debug|x64
		{47B82C0C-5783-4B4C-8D67-585B96123755}.Debug|x64.Build.0 = Debug|x64
		{47B82C0C-5783-4B4C-8D67-585B96123755}.Release|x64.ActiveCfg = Release|x64
		{47B82C0C-5783-4B4C-8D67-585B96123755}.Release|x64.Build.0 = Release|x64
	EndGlobalSection
	GlobalSection(SolutionProperties) = preSolution
		HideSolutionNode = FALSE
	EndGlobalSection
	GlobalSection(ExtensibilityGlobals) = postSolution
		SolutionGuid = {9DE85E07-CE46-49C0-BA3A-EAC07BB0A662}
	EndGlobalSection
EndGlobal
